
Microsoft Visual Studio Solution File, Format Version 12.00
# Visual Studio Version 17
VisualStudioVersion = 17.0.31903.59
MinimumVisualStudioVersion = 10.0.40219.1
Project("{2150E333-8FDC-42A3-9474-1A3956D46DE8}") = "src", "src", "{E3CA6C28-F196-4FB1-9E92-166C4321AA3F}"
EndProject
Project("{2150E333-8FDC-42A3-9474-1A3956D46DE8}") = "UserManagement", "UserManagement", "{EB384A0E-C096-4C66-9315-C38C8B722EB9}"
EndProject
Project("{FAE04EC0-301F-11D3-BF4B-00C04F79EFBC}") = "UserManagement.Api", "src\UserManagement\UserManagement.Api\UserManagement.Api.csproj", "{8CC88CCE-9137-4045-A90D-6467959CE21C}"
EndProject
Project("{FAE04EC0-301F-11D3-BF4B-00C04F79EFBC}") = "UserManagement.Application", "src\UserManagement\UserManagement.Application\UserManagement.Application.csproj", "{D465C597-9996-4E81-BDC4-68175E0401CE}"
EndProject
Project("{FAE04EC0-301F-11D3-BF4B-00C04F79EFBC}") = "UserManagement.Infrastructure", "src\UserManagement\UserManagement.Infrastructure\UserManagement.Infrastructure.csproj", "{4527AB8D-8935-48D1-A7CE-1CCAF11F5547}"
EndProject
Project("{2150E333-8FDC-42A3-9474-1A3956D46DE8}") = "RepertoireManagement", "RepertoireManagement", "{E28FCDA7-F1FB-4DB1-A9D5-574FF9FAA26B}"
EndProject
Project("{FAE04EC0-301F-11D3-BF4B-00C04F79EFBC}") = "RepertoireManagement.Api", "src\RepertoireManagement\RepertoireManagement.Api\RepertoireManagement.Api.csproj", "{7D3A819C-43C2-440A-94F6-ACE426996E1B}"
EndProject
Project("{FAE04EC0-301F-11D3-BF4B-00C04F79EFBC}") = "RepertoireManagement.Application", "src\RepertoireManagement\RepertoireManagement.Application\RepertoireManagement.Application.csproj", "{71204BBA-C667-462A-96B5-37A32265217B}"
EndProject
Project("{FAE04EC0-301F-11D3-BF4B-00C04F79EFBC}") = "RepertoireManagement.Infrastructure", "src\RepertoireManagement\RepertoireManagement.Infrastructure\RepertoireManagement.Infrastructure.csproj", "{099A992D-086C-4FAD-B402-A5E0D3131E65}"
EndProject
Project("{2150E333-8FDC-42A3-9474-1A3956D46DE8}") = "Solution Items", "Solution Items", "{983EBBA6-EC08-4B6C-89D9-07816FEE1AE9}"
	ProjectSection(SolutionItems) = preProject
		.gitignore = .gitignore
	EndProjectSection
EndProject
Global
	GlobalSection(SolutionConfigurationPlatforms) = preSolution
		Debug|Any CPU = Debug|Any CPU
		Release|Any CPU = Release|Any CPU
	EndGlobalSection
	GlobalSection(ProjectConfigurationPlatforms) = postSolution
		{8CC88CCE-9137-4045-A90D-6467959CE21C}.Debug|Any CPU.ActiveCfg = Debug|Any CPU
		{8CC88CCE-9137-4045-A90D-6467959CE21C}.Debug|Any CPU.Build.0 = Debug|Any CPU
		{8CC88CCE-9137-4045-A90D-6467959CE21C}.Release|Any CPU.ActiveCfg = Release|Any CPU
		{8CC88CCE-9137-4045-A90D-6467959CE21C}.Release|Any CPU.Build.0 = Release|Any CPU
		{D465C597-9996-4E81-BDC4-68175E0401CE}.Debug|Any CPU.ActiveCfg = Debug|Any CPU
		{D465C597-9996-4E81-BDC4-68175E0401CE}.Debug|Any CPU.Build.0 = Debug|Any CPU
		{D465C597-9996-4E81-BDC4-68175E0401CE}.Release|Any CPU.ActiveCfg = Release|Any CPU
		{D465C597-9996-4E81-BDC4-68175E0401CE}.Release|Any CPU.Build.0 = Release|Any CPU
		{4527AB8D-8935-48D1-A7CE-1CCAF11F5547}.Debug|Any CPU.ActiveCfg = Debug|Any CPU
		{4527AB8D-8935-48D1-A7CE-1CCAF11F5547}.Debug|Any CPU.Build.0 = Debug|Any CPU
		{4527AB8D-8935-48D1-A7CE-1CCAF11F5547}.Release|Any CPU.ActiveCfg = Release|Any CPU
		{4527AB8D-8935-48D1-A7CE-1CCAF11F5547}.Release|Any CPU.Build.0 = Release|Any CPU
		{7D3A819C-43C2-440A-94F6-ACE426996E1B}.Debug|Any CPU.ActiveCfg = Debug|Any CPU
		{7D3A819C-43C2-440A-94F6-ACE426996E1B}.Debug|Any CPU.Build.0 = Debug|Any CPU
		{7D3A819C-43C2-440A-94F6-ACE426996E1B}.Release|Any CPU.ActiveCfg = Release|Any CPU
		{7D3A819C-43C2-440A-94F6-ACE426996E1B}.Release|Any CPU.Build.0 = Release|Any CPU
		{71204BBA-C667-462A-96B5-37A32265217B}.Debug|Any CPU.ActiveCfg = Debug|Any CPU
		{71204BBA-C667-462A-96B5-37A32265217B}.Debug|Any CPU.Build.0 = Debug|Any CPU
		{71204BBA-C667-462A-96B5-37A32265217B}.Release|Any CPU.ActiveCfg = Release|Any CPU
		{71204BBA-C667-462A-96B5-37A32265217B}.Release|Any CPU.Build.0 = Release|Any CPU
		{099A992D-086C-4FAD-B402-A5E0D3131E65}.Debug|Any CPU.ActiveCfg = Debug|Any CPU
		{099A992D-086C-4FAD-B402-A5E0D3131E65}.Debug|Any CPU.Build.0 = Debug|Any CPU
		{099A992D-086C-4FAD-B402-A5E0D3131E65}.Release|Any CPU.ActiveCfg = Release|Any CPU
		{099A992D-086C-4FAD-B402-A5E0D3131E65}.Release|Any CPU.Build.0 = Release|Any CPU
	EndGlobalSection
	GlobalSection(SolutionProperties) = preSolution
		HideSolutionNode = FALSE
	EndGlobalSection
	GlobalSection(NestedProjects) = preSolution
		{EB384A0E-C096-4C66-9315-C38C8B722EB9} = {E3CA6C28-F196-4FB1-9E92-166C4321AA3F}
		{8CC88CCE-9137-4045-A90D-6467959CE21C} = {EB384A0E-C096-4C66-9315-C38C8B722EB9}
		{D465C597-9996-4E81-BDC4-68175E0401CE} = {EB384A0E-C096-4C66-9315-C38C8B722EB9}
		{4527AB8D-8935-48D1-A7CE-1CCAF11F5547} = {EB384A0E-C096-4C66-9315-C38C8B722EB9}
		{E28FCDA7-F1FB-4DB1-A9D5-574FF9FAA26B} = {E3CA6C28-F196-4FB1-9E92-166C4321AA3F}
		{7D3A819C-43C2-440A-94F6-ACE426996E1B} = {E28FCDA7-F1FB-4DB1-A9D5-574FF9FAA26B}
		{71204BBA-C667-462A-96B5-37A32265217B} = {E28FCDA7-F1FB-4DB1-A9D5-574FF9FAA26B}
		{099A992D-086C-4FAD-B402-A5E0D3131E65} = {E28FCDA7-F1FB-4DB1-A9D5-574FF9FAA26B}
	EndGlobalSection
	GlobalSection(ExtensibilityGlobals) = postSolution
		SolutionGuid = {32F54F81-1DF9-44FD-8388-0DF1ACA2E822}
	EndGlobalSection
EndGlobal
